// !$*UTF8*$!
{
	archiveVersion = 1;
	classes = {
	};
	objectVersion = 56;
	objects = {

/* Begin PBXBuildFile section */
		84D9B9B82940B51100CC27CF /* AppDelegate.swift in Sources */ = {isa = PBXBuildFile; fileRef = 84D9B9B72940B51100CC27CF /* AppDelegate.swift */; };
		84D9B9BF2940B51100CC27CF /* Main.storyboard in Resources */ = {isa = PBXBuildFile; fileRef = 84D9B9BD2940B51100CC27CF /* Main.storyboard */; };
		84D9B9C12940B51400CC27CF /* Assets.xcassets in Resources */ = {isa = PBXBuildFile; fileRef = 84D9B9C02940B51400CC27CF /* Assets.xcassets */; };
		84D9B9C42940B51400CC27CF /* LaunchScreen.storyboard in Resources */ = {isa = PBXBuildFile; fileRef = 84D9B9C22940B51400CC27CF /* LaunchScreen.storyboard */; };
		84D9B9CF2940B51400CC27CF /* FacadeTests.swift in Sources */ = {isa = PBXBuildFile; fileRef = 84D9B9CE2940B51400CC27CF /* FacadeTests.swift */; };
		84D9B9D92940B51400CC27CF /* FacadeUITests.swift in Sources */ = {isa = PBXBuildFile; fileRef = 84D9B9D82940B51400CC27CF /* FacadeUITests.swift */; };
		84D9B9DB2940B51400CC27CF /* FacadeUITestsLaunchTests.swift in Sources */ = {isa = PBXBuildFile; fileRef = 84D9B9DA2940B51400CC27CF /* FacadeUITestsLaunchTests.swift */; };
		84D9B9F12940B78F00CC27CF /* FacadeVC.swift in Sources */ = {isa = PBXBuildFile; fileRef = 84D9B9F02940B78F00CC27CF /* FacadeVC.swift */; };
		84D9B9F42940B98100CC27CF /* Facade.swift in Sources */ = {isa = PBXBuildFile; fileRef = 84D9B9F32940B98100CC27CF /* Facade.swift */; };
		84D9B9F72940B9AA00CC27CF /* Subsystem1.swift in Sources */ = {isa = PBXBuildFile; fileRef = 84D9B9F62940B9AA00CC27CF /* Subsystem1.swift */; };
		84D9B9F92940B9BD00CC27CF /* Subsystem2.swift in Sources */ = {isa = PBXBuildFile; fileRef = 84D9B9F82940B9BD00CC27CF /* Subsystem2.swift */; };
		84D9B9FC2940B9DB00CC27CF /* Client.swift in Sources */ = {isa = PBXBuildFile; fileRef = 84D9B9FB2940B9DB00CC27CF /* Client.swift */; };
		84D9B9FF2940BB5A00CC27CF /* UIImageViewExt.swift in Sources */ = {isa = PBXBuildFile; fileRef = 84D9B9FE2940BB5A00CC27CF /* UIImageViewExt.swift */; };
		84D9BA022940BB8E00CC27CF /* ImageDownloader.swift in Sources */ = {isa = PBXBuildFile; fileRef = 84D9BA012940BB8E00CC27CF /* ImageDownloader.swift */; };
/* End PBXBuildFile section */

/* Begin PBXContainerItemProxy section */
		84D9B9CB2940B51400CC27CF /* PBXContainerItemProxy */ = {
			isa = PBXContainerItemProxy;
			containerPortal = 84D9B9AC2940B51100CC27CF /* Project object */;
			proxyType = 1;
			remoteGlobalIDString = 84D9B9B32940B51100CC27CF;
			remoteInfo = Facade;
		};
		84D9B9D52940B51400CC27CF /* PBXContainerItemProxy */ = {
			isa = PBXContainerItemProxy;
			containerPortal = 84D9B9AC2940B51100CC27CF /* Project object */;
			proxyType = 1;
			remoteGlobalIDString = 84D9B9B32940B51100CC27CF;
			remoteInfo = Facade;
		};
/* End PBXContainerItemProxy section */

/* Begin PBXFileReference section */
		84D9B9B42940B51100CC27CF /* Facade.app */ = {isa = PBXFileReference; explicitFileType = wrapper.application; includeInIndex = 0; path = Facade.app; sourceTree = BUILT_PRODUCTS_DIR; };
		84D9B9B72940B51100CC27CF /* AppDelegate.swift */ = {isa = PBXFileReference; lastKnownFileType = sourcecode.swift; path = AppDelegate.swift; sourceTree = "<group>"; };
		84D9B9BE2940B51100CC27CF /* Base */ = {isa = PBXFileReference; lastKnownFileType = file.storyboard; name = Base; path = Base.lproj/Main.storyboard; sourceTree = "<group>"; };
		84D9B9C02940B51400CC27CF /* Assets.xcassets */ = {isa = PBXFileReference; lastKnownFileType = folder.assetcatalog; path = Assets.xcassets; sourceTree = "<group>"; };
		84D9B9C32940B51400CC27CF /* Base */ = {isa = PBXFileReference; lastKnownFileType = file.storyboard; name = Base; path = Base.lproj/LaunchScreen.storyboard; sourceTree = "<group>"; };
		84D9B9C52940B51400CC27CF /* Info.plist */ = {isa = PBXFileReference; lastKnownFileType = text.plist.xml; path = Info.plist; sourceTree = "<group>"; };
		84D9B9CA2940B51400CC27CF /* FacadeTests.xctest */ = {isa = PBXFileReference; explicitFileType = wrapper.cfbundle; includeInIndex = 0; path = FacadeTests.xctest; sourceTree = BUILT_PRODUCTS_DIR; };
		84D9B9CE2940B51400CC27CF /* FacadeTests.swift */ = {isa = PBXFileReference; lastKnownFileType = sourcecode.swift; path = FacadeTests.swift; sourceTree = "<group>"; };
		84D9B9D42940B51400CC27CF /* FacadeUITests.xctest */ = {isa = PBXFileReference; explicitFileType = wrapper.cfbundle; includeInIndex = 0; path = FacadeUITests.xctest; sourceTree = BUILT_PRODUCTS_DIR; };
		84D9B9D82940B51400CC27CF /* FacadeUITests.swift */ = {isa = PBXFileReference; lastKnownFileType = sourcecode.swift; path = FacadeUITests.swift; sourceTree = "<group>"; };
		84D9B9DA2940B51400CC27CF /* FacadeUITestsLaunchTests.swift */ = {isa = PBXFileReference; lastKnownFileType = sourcecode.swift; path = FacadeUITestsLaunchTests.swift; sourceTree = "<group>"; };
		84D9B9F02940B78F00CC27CF /* FacadeVC.swift */ = {isa = PBXFileReference; lastKnownFileType = sourcecode.swift; path = FacadeVC.swift; sourceTree = "<group>"; };
		84D9B9F32940B98100CC27CF /* Facade.swift */ = {isa = PBXFileReference; lastKnownFileType = sourcecode.swift; path = Facade.swift; sourceTree = "<group>"; };
		84D9B9F62940B9AA00CC27CF /* Subsystem1.swift */ = {isa = PBXFileReference; lastKnownFileType = sourcecode.swift; path = Subsystem1.swift; sourceTree = "<group>"; };
		84D9B9F82940B9BD00CC27CF /* Subsystem2.swift */ = {isa = PBXFileReference; lastKnownFileType = sourcecode.swift; path = Subsystem2.swift; sourceTree = "<group>"; };
		84D9B9FB2940B9DB00CC27CF /* Client.swift */ = {isa = PBXFileReference; lastKnownFileType = sourcecode.swift; path = Client.swift; sourceTree = "<group>"; };
		84D9B9FE2940BB5A00CC27CF /* UIImageViewExt.swift */ = {isa = PBXFileReference; lastKnownFileType = sourcecode.swift; path = UIImageViewExt.swift; sourceTree = "<group>"; };
		84D9BA012940BB8E00CC27CF /* ImageDownloader.swift */ = {isa = PBXFileReference; lastKnownFileType = sourcecode.swift; path = ImageDownloader.swift; sourceTree = "<group>"; };
/* End PBXFileReference section */

/* Begin PBXFrameworksBuildPhase section */
		84D9B9B12940B51100CC27CF /* Frameworks */ = {
			isa = PBXFrameworksBuildPhase;
			buildActionMask = 2147483647;
			files = (
			);
			runOnlyForDeploymentPostprocessing = 0;
		};
		84D9B9C72940B51400CC27CF /* Frameworks */ = {
			isa = PBXFrameworksBuildPhase;
			buildActionMask = 2147483647;
			files = (
			);
			runOnlyForDeploymentPostprocessing = 0;
		};
		84D9B9D12940B51400CC27CF /* Frameworks */ = {
			isa = PBXFrameworksBuildPhase;
			buildActionMask = 2147483647;
			files = (
			);
			runOnlyForDeploymentPostprocessing = 0;
		};
/* End PBXFrameworksBuildPhase section */

/* Begin PBXGroup section */
		84D9B9AB2940B51100CC27CF = {
			isa = PBXGroup;
			children = (
				84D9B9B62940B51100CC27CF /* Facade */,
				84D9B9CD2940B51400CC27CF /* FacadeTests */,
				84D9B9D72940B51400CC27CF /* FacadeUITests */,
				84D9B9B52940B51100CC27CF /* Products */,
			);
			sourceTree = "<group>";
		};
		84D9B9B52940B51100CC27CF /* Products */ = {
			isa = PBXGroup;
			children = (
				84D9B9B42940B51100CC27CF /* Facade.app */,
				84D9B9CA2940B51400CC27CF /* FacadeTests.xctest */,
				84D9B9D42940B51400CC27CF /* FacadeUITests.xctest */,
			);
			name = Products;
			sourceTree = "<group>";
		};
		84D9B9B62940B51100CC27CF /* Facade */ = {
			isa = PBXGroup;
			children = (
				84D9B9B72940B51100CC27CF /* AppDelegate.swift */,
				84D9B9E82940B58000CC27CF /* Concept */,
				84D9B9E72940B57800CC27CF /* Example */,
				84D9B9E92940B58800CC27CF /* ViewController's */,
				84D9B9EA2940B59500CC27CF /* Storyboards */,
				84D9B9C02940B51400CC27CF /* Assets.xcassets */,
				84D9B9EE2940B76900CC27CF /* Info */,
				84D9B9C52940B51400CC27CF /* Info.plist */,
			);
			path = Facade;
			sourceTree = "<group>";
		};
		84D9B9CD2940B51400CC27CF /* FacadeTests */ = {
			isa = PBXGroup;
			children = (
				84D9B9CE2940B51400CC27CF /* FacadeTests.swift */,
			);
			path = FacadeTests;
			sourceTree = "<group>";
		};
		84D9B9D72940B51400CC27CF /* FacadeUITests */ = {
			isa = PBXGroup;
			children = (
				84D9B9D82940B51400CC27CF /* FacadeUITests.swift */,
				84D9B9DA2940B51400CC27CF /* FacadeUITestsLaunchTests.swift */,
			);
			path = FacadeUITests;
			sourceTree = "<group>";
		};
		84D9B9E72940B57800CC27CF /* Example */ = {
			isa = PBXGroup;
			children = (
				84D9BA002940BB8700CC27CF /* ImageDownloader */,
				84D9B9FD2940BB4000CC27CF /* Extensions */,
			);
			path = Example;
			sourceTree = "<group>";
		};
		84D9B9E82940B58000CC27CF /* Concept */ = {
			isa = PBXGroup;
			children = (
				84D9B9F52940B99D00CC27CF /* SubSystems */,
				84D9B9F22940B97500CC27CF /* Facade */,
				84D9B9FA2940B9CB00CC27CF /* Client */,
			);
			path = Concept;
			sourceTree = "<group>";
		};
		84D9B9E92940B58800CC27CF /* ViewController's */ = {
			isa = PBXGroup;
			children = (
				84D9B9EF2940B77E00CC27CF /* FacadeVC */,
			);
			path = "ViewController's";
			sourceTree = "<group>";
		};
		84D9B9EA2940B59500CC27CF /* Storyboards */ = {
			isa = PBXGroup;
			children = (
				84D9B9BD2940B51100CC27CF /* Main.storyboard */,
				84D9B9C22940B51400CC27CF /* LaunchScreen.storyboard */,
			);
			path = Storyboards;
			sourceTree = "<group>";
		};
		84D9B9EE2940B76900CC27CF /* Info */ = {
			isa = PBXGroup;
			children = (
			);
			path = Info;
			sourceTree = "<group>";
		};
		84D9B9EF2940B77E00CC27CF /* FacadeVC */ = {
			isa = PBXGroup;
			children = (
				84D9B9F02940B78F00CC27CF /* FacadeVC.swift */,
			);
			path = FacadeVC;
			sourceTree = "<group>";
		};
		84D9B9F22940B97500CC27CF /* Facade */ = {
			isa = PBXGroup;
			children = (
				84D9B9F32940B98100CC27CF /* Facade.swift */,
			);
			path = Facade;
			sourceTree = "<group>";
		};
		84D9B9F52940B99D00CC27CF /* SubSystems */ = {
			isa = PBXGroup;
			children = (
				84D9B9F62940B9AA00CC27CF /* Subsystem1.swift */,
				84D9B9F82940B9BD00CC27CF /* Subsystem2.swift */,
			);
			path = SubSystems;
			sourceTree = "<group>";
		};
		84D9B9FA2940B9CB00CC27CF /* Client */ = {
			isa = PBXGroup;
			children = (
				84D9B9FB2940B9DB00CC27CF /* Client.swift */,
			);
			path = Client;
			sourceTree = "<group>";
		};
		84D9B9FD2940BB4000CC27CF /* Extensions */ = {
			isa = PBXGroup;
			children = (
				84D9B9FE2940BB5A00CC27CF /* UIImageViewExt.swift */,
			);
			path = Extensions;
			sourceTree = "<group>";
		};
		84D9BA002940BB8700CC27CF /* ImageDownloader */ = {
			isa = PBXGroup;
			children = (
				84D9BA012940BB8E00CC27CF /* ImageDownloader.swift */,
			);
			path = ImageDownloader;
			sourceTree = "<group>";
		};
/* End PBXGroup section */

/* Begin PBXNativeTarget section */
		84D9B9B32940B51100CC27CF /* Facade */ = {
			isa = PBXNativeTarget;
			buildConfigurationList = 84D9B9DE2940B51400CC27CF /* Build configuration list for PBXNativeTarget "Facade" */;
			buildPhases = (
				84D9B9B02940B51100CC27CF /* Sources */,
				84D9B9B12940B51100CC27CF /* Frameworks */,
				84D9B9B22940B51100CC27CF /* Resources */,
			);
			buildRules = (
			);
			dependencies = (
			);
			name = Facade;
			productName = Facade;
			productReference = 84D9B9B42940B51100CC27CF /* Facade.app */;
			productType = "com.apple.product-type.application";
		};
		84D9B9C92940B51400CC27CF /* FacadeTests */ = {
			isa = PBXNativeTarget;
			buildConfigurationList = 84D9B9E12940B51400CC27CF /* Build configuration list for PBXNativeTarget "FacadeTests" */;
			buildPhases = (
				84D9B9C62940B51400CC27CF /* Sources */,
				84D9B9C72940B51400CC27CF /* Frameworks */,
				84D9B9C82940B51400CC27CF /* Resources */,
			);
			buildRules = (
			);
			dependencies = (
				84D9B9CC2940B51400CC27CF /* PBXTargetDependency */,
			);
			name = FacadeTests;
			productName = FacadeTests;
			productReference = 84D9B9CA2940B51400CC27CF /* FacadeTests.xctest */;
			productType = "com.apple.product-type.bundle.unit-test";
		};
		84D9B9D32940B51400CC27CF /* FacadeUITests */ = {
			isa = PBXNativeTarget;
			buildConfigurationList = 84D9B9E42940B51400CC27CF /* Build configuration list for PBXNativeTarget "FacadeUITests" */;
			buildPhases = (
				84D9B9D02940B51400CC27CF /* Sources */,
				84D9B9D12940B51400CC27CF /* Frameworks */,
				84D9B9D22940B51400CC27CF /* Resources */,
			);
			buildRules = (
			);
			dependencies = (
				84D9B9D62940B51400CC27CF /* PBXTargetDependency */,
			);
			name = FacadeUITests;
			productName = FacadeUITests;
			productReference = 84D9B9D42940B51400CC27CF /* FacadeUITests.xctest */;
			productType = "com.apple.product-type.bundle.ui-testing";
		};
/* End PBXNativeTarget section */

/* Begin PBXProject section */
		84D9B9AC2940B51100CC27CF /* Project object */ = {
			isa = PBXProject;
			attributes = {
				BuildIndependentTargetsInParallel = 1;
				LastSwiftUpdateCheck = 1400;
				LastUpgradeCheck = 1400;
				TargetAttributes = {
					84D9B9B32940B51100CC27CF = {
						CreatedOnToolsVersion = 14.0.1;
					};
					84D9B9C92940B51400CC27CF = {
						CreatedOnToolsVersion = 14.0.1;
						TestTargetID = 84D9B9B32940B51100CC27CF;
					};
					84D9B9D32940B51400CC27CF = {
						CreatedOnToolsVersion = 14.0.1;
						TestTargetID = 84D9B9B32940B51100CC27CF;
					};
				};
			};
			buildConfigurationList = 84D9B9AF2940B51100CC27CF /* Build configuration list for PBXProject "Facade" */;
			compatibilityVersion = "Xcode 14.0";
			developmentRegion = en;
			hasScannedForEncodings = 0;
			knownRegions = (
				en,
				Base,
			);
			mainGroup = 84D9B9AB2940B51100CC27CF;
			productRefGroup = 84D9B9B52940B51100CC27CF /* Products */;
			projectDirPath = "";
			projectRoot = "";
			targets = (
				84D9B9B32940B51100CC27CF /* Facade */,
				84D9B9C92940B51400CC27CF /* FacadeTests */,
				84D9B9D32940B51400CC27CF /* FacadeUITests */,
			);
		};
/* End PBXProject section */

/* Begin PBXResourcesBuildPhase section */
		84D9B9B22940B51100CC27CF /* Resources */ = {
			isa = PBXResourcesBuildPhase;
			buildActionMask = 2147483647;
			files = (
				84D9B9C42940B51400CC27CF /* LaunchScreen.storyboard in Resources */,
				84D9B9C12940B51400CC27CF /* Assets.xcassets in Resources */,
				84D9B9BF2940B51100CC27CF /* Main.storyboard in Resources */,
			);
			runOnlyForDeploymentPostprocessing = 0;
		};
		84D9B9C82940B51400CC27CF /* Resources */ = {
			isa = PBXResourcesBuildPhase;
			buildActionMask = 2147483647;
			files = (
			);
			runOnlyForDeploymentPostprocessing = 0;
		};
		84D9B9D22940B51400CC27CF /* Resources */ = {
			isa = PBXResourcesBuildPhase;
			buildActionMask = 2147483647;
			files = (
			);
			runOnlyForDeploymentPostprocessing = 0;
		};
/* End PBXResourcesBuildPhase section */

/* Begin PBXSourcesBuildPhase section */
		84D9B9B02940B51100CC27CF /* Sources */ = {
			isa = PBXSourcesBuildPhase;
			buildActionMask = 2147483647;
			files = (
				84D9B9FF2940BB5A00CC27CF /* UIImageViewExt.swift in Sources */,
				84D9B9F42940B98100CC27CF /* Facade.swift in Sources */,
				84D9BA022940BB8E00CC27CF /* ImageDownloader.swift in Sources */,
				84D9B9F12940B78F00CC27CF /* FacadeVC.swift in Sources */,
				84D9B9FC2940B9DB00CC27CF /* Client.swift in Sources */,
				84D9B9B82940B51100CC27CF /* AppDelegate.swift in Sources */,
				84D9B9F72940B9AA00CC27CF /* Subsystem1.swift in Sources */,
				84D9B9F92940B9BD00CC27CF /* Subsystem2.swift in Sources */,
			);
			runOnlyForDeploymentPostprocessing = 0;
		};
		84D9B9C62940B51400CC27CF /* Sources */ = {
			isa = PBXSourcesBuildPhase;
			buildActionMask = 2147483647;
			files = (
				84D9B9CF2940B51400CC27CF /* FacadeTests.swift in Sources */,
			);
			runOnlyForDeploymentPostprocessing = 0;
		};
		84D9B9D02940B51400CC27CF /* Sources */ = {
			isa = PBXSourcesBuildPhase;
			buildActionMask = 2147483647;
			files = (
				84D9B9DB2940B51400CC27CF /* FacadeUITestsLaunchTests.swift in Sources */,
				84D9B9D92940B51400CC27CF /* FacadeUITests.swift in Sources */,
			);
			runOnlyForDeploymentPostprocessing = 0;
		};
/* End PBXSourcesBuildPhase section */

/* Begin PBXTargetDependency section */
		84D9B9CC2940B51400CC27CF /* PBXTargetDependency */ = {
			isa = PBXTargetDependency;
			target = 84D9B9B32940B51100CC27CF /* Facade */;
			targetProxy = 84D9B9CB2940B51400CC27CF /* PBXContainerItemProxy */;
		};
		84D9B9D62940B51400CC27CF /* PBXTargetDependency */ = {
			isa = PBXTargetDependency;
			target = 84D9B9B32940B51100CC27CF /* Facade */;
			targetProxy = 84D9B9D52940B51400CC27CF /* PBXContainerItemProxy */;
		};
/* End PBXTargetDependency section */

/* Begin PBXVariantGroup section */
		84D9B9BD2940B51100CC27CF /* Main.storyboard */ = {
			isa = PBXVariantGroup;
			children = (
				84D9B9BE2940B51100CC27CF /* Base */,
			);
			name = Main.storyboard;
			sourceTree = "<group>";
		};
		84D9B9C22940B51400CC27CF /* LaunchScreen.storyboard */ = {
			isa = PBXVariantGroup;
			children = (
				84D9B9C32940B51400CC27CF /* Base */,
			);
			name = LaunchScreen.storyboard;
			sourceTree = "<group>";
		};
/* End PBXVariantGroup section */

/* Begin XCBuildConfiguration section */
		84D9B9DC2940B51400CC27CF /* Debug */ = {
			isa = XCBuildConfiguration;
			buildSettings = {
				ALWAYS_SEARCH_USER_PATHS = NO;
				CLANG_ANALYZER_NONNULL = YES;
				CLANG_ANALYZER_NUMBER_OBJECT_CONVERSION = YES_AGGRESSIVE;
				CLANG_CXX_LANGUAGE_STANDARD = "gnu++20";
				CLANG_ENABLE_MODULES = YES;
				CLANG_ENABLE_OBJC_ARC = YES;
				CLANG_ENABLE_OBJC_WEAK = YES;
				CLANG_WARN_BLOCK_CAPTURE_AUTORELEASING = YES;
				CLANG_WARN_BOOL_CONVERSION = YES;
				CLANG_WARN_COMMA = YES;
				CLANG_WARN_CONSTANT_CONVERSION = YES;
				CLANG_WARN_DEPRECATED_OBJC_IMPLEMENTATIONS = YES;
				CLANG_WARN_DIRECT_OBJC_ISA_USAGE = YES_ERROR;
				CLANG_WARN_DOCUMENTATION_COMMENTS = YES;
				CLANG_WARN_EMPTY_BODY = YES;
				CLANG_WARN_ENUM_CONVERSION = YES;
				CLANG_WARN_INFINITE_RECURSION = YES;
				CLANG_WARN_INT_CONVERSION = YES;
				CLANG_WARN_NON_LITERAL_NULL_CONVERSION = YES;
				CLANG_WARN_OBJC_IMPLICIT_RETAIN_SELF = YES;
				CLANG_WARN_OBJC_LITERAL_CONVERSION = YES;
				CLANG_WARN_OBJC_ROOT_CLASS = YES_ERROR;
				CLANG_WARN_QUOTED_INCLUDE_IN_FRAMEWORK_HEADER = YES;
				CLANG_WARN_RANGE_LOOP_ANALYSIS = YES;
				CLANG_WARN_STRICT_PROTOTYPES = YES;
				CLANG_WARN_SUSPICIOUS_MOVE = YES;
				CLANG_WARN_UNGUARDED_AVAILABILITY = YES_AGGRESSIVE;
				CLANG_WARN_UNREACHABLE_CODE = YES;
				CLANG_WARN__DUPLICATE_METHOD_MATCH = YES;
				COPY_PHASE_STRIP = NO;
				DEBUG_INFORMATION_FORMAT = dwarf;
				ENABLE_STRICT_OBJC_MSGSEND = YES;
				ENABLE_TESTABILITY = YES;
				GCC_C_LANGUAGE_STANDARD = gnu11;
				GCC_DYNAMIC_NO_PIC = NO;
				GCC_NO_COMMON_BLOCKS = YES;
				GCC_OPTIMIZATION_LEVEL = 0;
				GCC_PREPROCESSOR_DEFINITIONS = (
					"DEBUG=1",
					"$(inherited)",
				);
				GCC_WARN_64_TO_32_BIT_CONVERSION = YES;
				GCC_WARN_ABOUT_RETURN_TYPE = YES_ERROR;
				GCC_WARN_UNDECLARED_SELECTOR = YES;
				GCC_WARN_UNINITIALIZED_AUTOS = YES_AGGRESSIVE;
				GCC_WARN_UNUSED_FUNCTION = YES;
				GCC_WARN_UNUSED_VARIABLE = YES;
				IPHONEOS_DEPLOYMENT_TARGET = 16.0;
				MTL_ENABLE_DEBUG_INFO = INCLUDE_SOURCE;
				MTL_FAST_MATH = YES;
				ONLY_ACTIVE_ARCH = YES;
				SDKROOT = iphoneos;
				SWIFT_ACTIVE_COMPILATION_CONDITIONS = DEBUG;
				SWIFT_OPTIMIZATION_LEVEL = "-Onone";
			};
			name = Debug;
		};
		84D9B9DD2940B51400CC27CF /* Release */ = {
			isa = XCBuildConfiguration;
			buildSettings = {
				ALWAYS_SEARCH_USER_PATHS = NO;
				CLANG_ANALYZER_NONNULL = YES;
				CLANG_ANALYZER_NUMBER_OBJECT_CONVERSION = YES_AGGRESSIVE;
				CLANG_CXX_LANGUAGE_STANDARD = "gnu++20";
				CLANG_ENABLE_MODULES = YES;
				CLANG_ENABLE_OBJC_ARC = YES;
				CLANG_ENABLE_OBJC_WEAK = YES;
				CLANG_WARN_BLOCK_CAPTURE_AUTORELEASING = YES;
				CLANG_WARN_BOOL_CONVERSION = YES;
				CLANG_WARN_COMMA = YES;
				CLANG_WARN_CONSTANT_CONVERSION = YES;
				CLANG_WARN_DEPRECATED_OBJC_IMPLEMENTATIONS = YES;
				CLANG_WARN_DIRECT_OBJC_ISA_USAGE = YES_ERROR;
				CLANG_WARN_DOCUMENTATION_COMMENTS = YES;
				CLANG_WARN_EMPTY_BODY = YES;
				CLANG_WARN_ENUM_CONVERSION = YES;
				CLANG_WARN_INFINITE_RECURSION = YES;
				CLANG_WARN_INT_CONVERSION = YES;
				CLANG_WARN_NON_LITERAL_NULL_CONVERSION = YES;
				CLANG_WARN_OBJC_IMPLICIT_RETAIN_SELF = YES;
				CLANG_WARN_OBJC_LITERAL_CONVERSION = YES;
				CLANG_WARN_OBJC_ROOT_CLASS = YES_ERROR;
				CLANG_WARN_QUOTED_INCLUDE_IN_FRAMEWORK_HEADER = YES;
				CLANG_WARN_RANGE_LOOP_ANALYSIS = YES;
				CLANG_WARN_STRICT_PROTOTYPES = YES;
				CLANG_WARN_SUSPICIOUS_MOVE = YES;
				CLANG_WARN_UNGUARDED_AVAILABILITY = YES_AGGRESSIVE;
				CLANG_WARN_UNREACHABLE_CODE = YES;
				CLANG_WARN__DUPLICATE_METHOD_MATCH = YES;
				COPY_PHASE_STRIP = NO;
				DEBUG_INFORMATION_FORMAT = "dwarf-with-dsym";
				ENABLE_NS_ASSERTIONS = NO;
				ENABLE_STRICT_OBJC_MSGSEND = YES;
				GCC_C_LANGUAGE_STANDARD = gnu11;
				GCC_NO_COMMON_BLOCKS = YES;
				GCC_WARN_64_TO_32_BIT_CONVERSION = YES;
				GCC_WARN_ABOUT_RETURN_TYPE = YES_ERROR;
				GCC_WARN_UNDECLARED_SELECTOR = YES;
				GCC_WARN_UNINITIALIZED_AUTOS = YES_AGGRESSIVE;
				GCC_WARN_UNUSED_FUNCTION = YES;
				GCC_WARN_UNUSED_VARIABLE = YES;
				IPHONEOS_DEPLOYMENT_TARGET = 16.0;
				MTL_ENABLE_DEBUG_INFO = NO;
				MTL_FAST_MATH = YES;
				SDKROOT = iphoneos;
				SWIFT_COMPILATION_MODE = wholemodule;
				SWIFT_OPTIMIZATION_LEVEL = "-O";
				VALIDATE_PRODUCT = YES;
			};
			name = Release;
		};
		84D9B9DF2940B51400CC27CF /* Debug */ = {
			isa = XCBuildConfiguration;
			buildSettings = {
				ASSETCATALOG_COMPILER_APPICON_NAME = AppIcon;
				ASSETCATALOG_COMPILER_GLOBAL_ACCENT_COLOR_NAME = AccentColor;
				CODE_SIGN_STYLE = Automatic;
				CURRENT_PROJECT_VERSION = 1;
				DEVELOPMENT_TEAM = N4M3759P9C;
				GENERATE_INFOPLIST_FILE = YES;
				INFOPLIST_FILE = Facade/Info.plist;
				INFOPLIST_KEY_UIApplicationSupportsIndirectInputEvents = YES;
				INFOPLIST_KEY_UILaunchStoryboardName = LaunchScreen;
				INFOPLIST_KEY_UIMainStoryboardFile = Main;
				INFOPLIST_KEY_UISupportedInterfaceOrientations = UIInterfaceOrientationPortrait;
				LD_RUNPATH_SEARCH_PATHS = (
					"$(inherited)",
					"@executable_path/Frameworks",
				);
				MARKETING_VERSION = 1.0;
				PRODUCT_BUNDLE_IDENTIFIER = com.Facade;
				PRODUCT_NAME = "$(TARGET_NAME)";
				SUPPORTED_PLATFORMS = "iphoneos iphonesimulator";
				SUPPORTS_MACCATALYST = NO;
				SUPPORTS_MAC_DESIGNED_FOR_IPHONE_IPAD = NO;
				SWIFT_EMIT_LOC_STRINGS = YES;
				SWIFT_VERSION = 5.0;
				TARGETED_DEVICE_FAMILY = 1;
			};
			name = Debug;
		};
		84D9B9E02940B51400CC27CF /* Release */ = {
			isa = XCBuildConfiguration;
			buildSettings = {
				ASSETCATALOG_COMPILER_APPICON_NAME = AppIcon;
				ASSETCATALOG_COMPILER_GLOBAL_ACCENT_COLOR_NAME = AccentColor;
				CODE_SIGN_STYLE = Automatic;
				CURRENT_PROJECT_VERSION = 1;
				DEVELOPMENT_TEAM = N4M3759P9C;
				GENERATE_INFOPLIST_FILE = YES;
				INFOPLIST_FILE = Facade/Info.plist;
				INFOPLIST_KEY_UIApplicationSupportsIndirectInputEvents = YES;
				INFOPLIST_KEY_UILaunchStoryboardName = LaunchScreen;
				INFOPLIST_KEY_UIMainStoryboardFile = Main;
				INFOPLIST_KEY_UISupportedInterfaceOrientations = UIInterfaceOrientationPortrait;
				LD_RUNPATH_SEARCH_PATHS = (
					"$(inherited)",
					"@executable_path/Frameworks",
				);
				MARKETING_VERSION = 1.0;
				PRODUCT_BUNDLE_IDENTIFIER = com.Facade;
				PRODUCT_NAME = "$(TARGET_NAME)";
				SUPPORTED_PLATFORMS = "iphoneos iphonesimulator";
				SUPPORTS_MACCATALYST = NO;
				SUPPORTS_MAC_DESIGNED_FOR_IPHONE_IPAD = NO;
				SWIFT_EMIT_LOC_STRINGS = YES;
				SWIFT_VERSION = 5.0;
				TARGETED_DEVICE_FAMILY = 1;
			};
			name = Release;
		};
		84D9B9E22940B51400CC27CF /* Debug */ = {
			isa = XCBuildConfiguration;
			buildSettings = {
				ALWAYS_EMBED_SWIFT_STANDARD_LIBRARIES = YES;
				BUNDLE_LOADER = "$(TEST_HOST)";
				CODE_SIGN_STYLE = Automatic;
				CURRENT_PROJECT_VERSION = 1;
				DEVELOPMENT_TEAM = N4M3759P9C;
				GENERATE_INFOPLIST_FILE = YES;
				IPHONEOS_DEPLOYMENT_TARGET = 16.0;
				MARKETING_VERSION = 1.0;
				PRODUCT_BUNDLE_IDENTIFIER = com.FacadeTests;
				PRODUCT_NAME = "$(TARGET_NAME)";
				SWIFT_EMIT_LOC_STRINGS = NO;
				SWIFT_VERSION = 5.0;
				TARGETED_DEVICE_FAMILY = "1,2";
				TEST_HOST = "$(BUILT_PRODUCTS_DIR)/Facade.app/$(BUNDLE_EXECUTABLE_FOLDER_PATH)/Facade";
			};
			name = Debug;
		};
		84D9B9E32940B51400CC27CF /* Release */ = {
			isa = XCBuildConfiguration;
			buildSettings = {
				ALWAYS_EMBED_SWIFT_STANDARD_LIBRARIES = YES;
				BUNDLE_LOADER = "$(TEST_HOST)";
				CODE_SIGN_STYLE = Automatic;
				CURRENT_PROJECT_VERSION = 1;
				DEVELOPMENT_TEAM = N4M3759P9C;
				GENERATE_INFOPLIST_FILE = YES;
				IPHONEOS_DEPLOYMENT_TARGET = 16.0;
				MARKETING_VERSION = 1.0;
				PRODUCT_BUNDLE_IDENTIFIER = com.FacadeTests;
				PRODUCT_NAME = "$(TARGET_NAME)";
				SWIFT_EMIT_LOC_STRINGS = NO;
				SWIFT_VERSION = 5.0;
				TARGETED_DEVICE_FAMILY = "1,2";
				TEST_HOST = "$(BUILT_PRODUCTS_DIR)/Facade.app/$(BUNDLE_EXECUTABLE_FOLDER_PATH)/Facade";
			};
			name = Release;
		};
		84D9B9E52940B51400CC27CF /* Debug */ = {
			isa = XCBuildConfiguration;
			buildSettings = {
				ALWAYS_EMBED_SWIFT_STANDARD_LIBRARIES = YES;
				CODE_SIGN_STYLE = Automatic;
				CURRENT_PROJECT_VERSION = 1;
				DEVELOPMENT_TEAM = N4M3759P9C;
				GENERATE_INFOPLIST_FILE = YES;
				MARKETING_VERSION = 1.0;
				PRODUCT_BUNDLE_IDENTIFIER = com.FacadeUITests;
				PRODUCT_NAME = "$(TARGET_NAME)";
				SWIFT_EMIT_LOC_STRINGS = NO;
				SWIFT_VERSION = 5.0;
				TARGETED_DEVICE_FAMILY = "1,2";
				TEST_TARGET_NAME = Facade;
			};
			name = Debug;
		};
		84D9B9E62940B51400CC27CF /* Release */ = {
			isa = XCBuildConfiguration;
			buildSettings = {
				ALWAYS_EMBED_SWIFT_STANDARD_LIBRARIES = YES;
				CODE_SIGN_STYLE = Automatic;
				CURRENT_PROJECT_VERSION = 1;
				DEVELOPMENT_TEAM = N4M3759P9C;
				GENERATE_INFOPLIST_FILE = YES;
				MARKETING_VERSION = 1.0;
				PRODUCT_BUNDLE_IDENTIFIER = com.FacadeUITests;
				PRODUCT_NAME = "$(TARGET_NAME)";
				SWIFT_EMIT_LOC_STRINGS = NO;
				SWIFT_VERSION = 5.0;
				TARGETED_DEVICE_FAMILY = "1,2";
				TEST_TARGET_NAME = Facade;
			};
			name = Release;
		};
/* End XCBuildConfiguration section */

/* Begin XCConfigurationList section */
		84D9B9AF2940B51100CC27CF /* Build configuration list for PBXProject "Facade" */ = {
			isa = XCConfigurationList;
			buildConfigurations = (
				84D9B9DC2940B51400CC27CF /* Debug */,
				84D9B9DD2940B51400CC27CF /* Release */,
			);
			defaultConfigurationIsVisible = 0;
			defaultConfigurationName = Release;
		};
		84D9B9DE2940B51400CC27CF /* Build configuration list for PBXNativeTarget "Facade" */ = {
			isa = XCConfigurationList;
			buildConfigurations = (
				84D9B9DF2940B51400CC27CF /* Debug */,
				84D9B9E02940B51400CC27CF /* Release */,
			);
			defaultConfigurationIsVisible = 0;
			defaultConfigurationName = Release;
		};
		84D9B9E12940B51400CC27CF /* Build configuration list for PBXNativeTarget "FacadeTests" */ = {
			isa = XCConfigurationList;
			buildConfigurations = (
				84D9B9E22940B51400CC27CF /* Debug */,
				84D9B9E32940B51400CC27CF /* Release */,
			);
			defaultConfigurationIsVisible = 0;
			defaultConfigurationName = Release;
		};
		84D9B9E42940B51400CC27CF /* Build configuration list for PBXNativeTarget "FacadeUITests" */ = {
			isa = XCConfigurationList;
			buildConfigurations = (
				84D9B9E52940B51400CC27CF /* Debug */,
				84D9B9E62940B51400CC27CF /* Release */,
			);
			defaultConfigurationIsVisible = 0;
			defaultConfigurationName = Release;
		};
/* End XCConfigurationList section */
	};
	rootObject = 84D9B9AC2940B51100CC27CF /* Project object */;
}
